
Microsoft Visual Studio Solution File, Format Version 12.00
# Visual Studio Version 17
VisualStudioVersion = 17.13.35825.156
MinimumVisualStudioVersion = 10.0.40219.1
Project("{FAE04EC0-301F-11D3-BF4B-00C04F79EFBC}") = "CS0416", "CS0416\CS0416.csproj", "{40095BB5-2FD3-40FD-AE6A-BA9F717A4313}"
EndProject
Project("{FAE04EC0-301F-11D3-BF4B-00C04F79EFBC}") = "CS0319", "..\CS0319\CS0319\CS0319.csproj", "{BAD7432F-0D1D-B886-B634-1E2354F01243}"
EndProject
Project("{FAE04EC0-301F-11D3-BF4B-00C04F79EFBC}") = "CS0321", "..\CS0321\CS0321\CS0321.csproj", "{43AE19E4-16B7-8DB4-B4BA-3708486B23E3}"
EndProject
Project("{FAE04EC0-301F-11D3-BF4B-00C04F79EFBC}") = "CS0326", "..\CS0326\CS0326\CS0326.csproj", "{836211DF-1656-E6FE-FF46-B613074D9AAE}"
EndProject
Project("{FAE04EC0-301F-11D3-BF4B-00C04F79EFBC}") = "CS0328", "..\CS0328\CS0328\CS0328.csproj", "{4C96388C-2ED8-A287-9EFD-E6FDB9D7E789}"
EndProject
Project("{FAE04EC0-301F-11D3-BF4B-00C04F79EFBC}") = "CS0328_Project", "..\CS0328_Project\CS0328_Project\CS0328_Project.csproj", "{448E24D1-1992-D162-2086-84AACA9EEFE5}"
EndProject
Project("{FAE04EC0-301F-11D3-BF4B-00C04F79EFBC}") = "CS0402", "..\CS0402\CS0402\CS0402.csproj", "{3B906952-2B9C-7BF5-1379-75D04AAA23C7}"
EndProject
Project("{FAE04EC0-301F-11D3-BF4B-00C04F79EFBC}") = "ClassBasic", "..\CS0402\ClassBasic\ClassBasic.csproj", "{35713773-0E0C-DF12-D286-3B83973B8522}"
EndProject
Project("{FAE04EC0-301F-11D3-BF4B-00C04F79EFBC}") = "CS0409", "..\CS0409\CS0409\CS0409.csproj", "{B0692228-5116-A7BD-7488-4EFD3632FFBA}"
EndProject
Project("{FAE04EC0-301F-11D3-BF4B-00C04F79EFBC}") = "CS0416_2", "CS0416_2\CS0416_2.csproj", "{D058C75B-5E65-4EDF-2CCC-6E0055ABBB21}"
EndProject
Project("{FAE04EC0-301F-11D3-BF4B-00C04F79EFBC}") = "CS0326_2", "CS0326_2\CS0326_2.csproj", "{042B193F-DF30-4F52-757E-4F073C9A819F}"
EndProject
Project("{FAE04EC0-301F-11D3-BF4B-00C04F79EFBC}") = "CS0409_2", "CS0409_2\CS0409_2.csproj", "{2D131D83-6C7F-93E0-8C55-DB983A64B1C6}"
EndProject
Project("{FAE04EC0-301F-11D3-BF4B-00C04F79EFBC}") = "CS0416_3", "CS0416_3\CS0416_3.csproj", "{99EFA084-EB57-4CB6-8248-E111426C6B38}"
EndProject
Project("{FAE04EC0-301F-11D3-BF4B-00C04F79EFBC}") = "CS0416_4_Fibonacci", "CS0416_4_Fibonacci\CS0416_4_Fibonacci.csproj", "{CC3F7F01-4FD4-44B3-BACA-41973F1554FA}"
EndProject
Project("{FAE04EC0-301F-11D3-BF4B-00C04F79EFBC}") = "CS0416_Winform", "CS0416_Winform\CS0416_Winform.csproj", "{5E80212E-9AFB-47FE-99F4-91A6E07EE3DE}"
EndProject
Project("{FAE04EC0-301F-11D3-BF4B-00C04F79EFBC}") = "CS0418_Project", "CS0418_Project\CS0418_Project.csproj", "{854F793C-ACD2-4103-A844-6BCFF57867FB}"
EndProject
Project("{FAE04EC0-301F-11D3-BF4B-00C04F79EFBC}") = "CS0430_Inheritance", "CS0430\CS0430_Inheritance.csproj", "{21C015D8-036F-49F7-86AB-D905DE0757A2}"
EndProject
Global
	GlobalSection(SolutionConfigurationPlatforms) = preSolution
		Debug|Any CPU = Debug|Any CPU
		Release|Any CPU = Release|Any CPU
	EndGlobalSection
	GlobalSection(ProjectConfigurationPlatforms) = postSolution
		{40095BB5-2FD3-40FD-AE6A-BA9F717A4313}.Debug|Any CPU.ActiveCfg = Debug|Any CPU
		{40095BB5-2FD3-40FD-AE6A-BA9F717A4313}.Debug|Any CPU.Build.0 = Debug|Any CPU
		{40095BB5-2FD3-40FD-AE6A-BA9F717A4313}.Release|Any CPU.ActiveCfg = Release|Any CPU
		{40095BB5-2FD3-40FD-AE6A-BA9F717A4313}.Release|Any CPU.Build.0 = Release|Any CPU
		{BAD7432F-0D1D-B886-B634-1E2354F01243}.Debug|Any CPU.ActiveCfg = Debug|Any CPU
		{BAD7432F-0D1D-B886-B634-1E2354F01243}.Debug|Any CPU.Build.0 = Debug|Any CPU
		{BAD7432F-0D1D-B886-B634-1E2354F01243}.Release|Any CPU.ActiveCfg = Release|Any CPU
		{BAD7432F-0D1D-B886-B634-1E2354F01243}.Release|Any CPU.Build.0 = Release|Any CPU
		{43AE19E4-16B7-8DB4-B4BA-3708486B23E3}.Debug|Any CPU.ActiveCfg = Debug|Any CPU
		{43AE19E4-16B7-8DB4-B4BA-3708486B23E3}.Debug|Any CPU.Build.0 = Debug|Any CPU
		{43AE19E4-16B7-8DB4-B4BA-3708486B23E3}.Release|Any CPU.ActiveCfg = Release|Any CPU
		{43AE19E4-16B7-8DB4-B4BA-3708486B23E3}.Release|Any CPU.Build.0 = Release|Any CPU
		{836211DF-1656-E6FE-FF46-B613074D9AAE}.Debug|Any CPU.ActiveCfg = Debug|Any CPU
		{836211DF-1656-E6FE-FF46-B613074D9AAE}.Debug|Any CPU.Build.0 = Debug|Any CPU
		{836211DF-1656-E6FE-FF46-B613074D9AAE}.Release|Any CPU.ActiveCfg = Release|Any CPU
		{836211DF-1656-E6FE-FF46-B613074D9AAE}.Release|Any CPU.Build.0 = Release|Any CPU
		{4C96388C-2ED8-A287-9EFD-E6FDB9D7E789}.Debug|Any CPU.ActiveCfg = Debug|Any CPU
		{4C96388C-2ED8-A287-9EFD-E6FDB9D7E789}.Debug|Any CPU.Build.0 = Debug|Any CPU
		{4C96388C-2ED8-A287-9EFD-E6FDB9D7E789}.Release|Any CPU.ActiveCfg = Release|Any CPU
		{4C96388C-2ED8-A287-9EFD-E6FDB9D7E789}.Release|Any CPU.Build.0 = Release|Any CPU
		{448E24D1-1992-D162-2086-84AACA9EEFE5}.Debug|Any CPU.ActiveCfg = Debug|Any CPU
		{448E24D1-1992-D162-2086-84AACA9EEFE5}.Debug|Any CPU.Build.0 = Debug|Any CPU
		{448E24D1-1992-D162-2086-84AACA9EEFE5}.Release|Any CPU.ActiveCfg = Release|Any CPU
		{448E24D1-1992-D162-2086-84AACA9EEFE5}.Release|Any CPU.Build.0 = Release|Any CPU
		{3B906952-2B9C-7BF5-1379-75D04AAA23C7}.Debug|Any CPU.ActiveCfg = Debug|Any CPU
		{3B906952-2B9C-7BF5-1379-75D04AAA23C7}.Debug|Any CPU.Build.0 = Debug|Any CPU
		{3B906952-2B9C-7BF5-1379-75D04AAA23C7}.Release|Any CPU.ActiveCfg = Release|Any CPU
		{3B906952-2B9C-7BF5-1379-75D04AAA23C7}.Release|Any CPU.Build.0 = Release|Any CPU
		{35713773-0E0C-DF12-D286-3B83973B8522}.Debug|Any CPU.ActiveCfg = Debug|Any CPU
		{35713773-0E0C-DF12-D286-3B83973B8522}.Debug|Any CPU.Build.0 = Debug|Any CPU
		{35713773-0E0C-DF12-D286-3B83973B8522}.Release|Any CPU.ActiveCfg = Release|Any CPU
		{35713773-0E0C-DF12-D286-3B83973B8522}.Release|Any CPU.Build.0 = Release|Any CPU
		{B0692228-5116-A7BD-7488-4EFD3632FFBA}.Debug|Any CPU.ActiveCfg = Debug|Any CPU
		{B0692228-5116-A7BD-7488-4EFD3632FFBA}.Debug|Any CPU.Build.0 = Debug|Any CPU
		{B0692228-5116-A7BD-7488-4EFD3632FFBA}.Release|Any CPU.ActiveCfg = Release|Any CPU
		{B0692228-5116-A7BD-7488-4EFD3632FFBA}.Release|Any CPU.Build.0 = Release|Any CPU
		{D058C75B-5E65-4EDF-2CCC-6E0055ABBB21}.Debug|Any CPU.ActiveCfg = Debug|Any CPU
		{D058C75B-5E65-4EDF-2CCC-6E0055ABBB21}.Debug|Any CPU.Build.0 = Debug|Any CPU
		{D058C75B-5E65-4EDF-2CCC-6E0055ABBB21}.Release|Any CPU.ActiveCfg = Release|Any CPU
		{D058C75B-5E65-4EDF-2CCC-6E0055ABBB21}.Release|Any CPU.Build.0 = Release|Any CPU
		{042B193F-DF30-4F52-757E-4F073C9A819F}.Debug|Any CPU.ActiveCfg = Debug|Any CPU
		{042B193F-DF30-4F52-757E-4F073C9A819F}.Debug|Any CPU.Build.0 = Debug|Any CPU
		{042B193F-DF30-4F52-757E-4F073C9A819F}.Release|Any CPU.ActiveCfg = Release|Any CPU
		{042B193F-DF30-4F52-757E-4F073C9A819F}.Release|Any CPU.Build.0 = Release|Any CPU
		{2D131D83-6C7F-93E0-8C55-DB983A64B1C6}.Debug|Any CPU.ActiveCfg = Debug|Any CPU
		{2D131D83-6C7F-93E0-8C55-DB983A64B1C6}.Debug|Any CPU.Build.0 = Debug|Any CPU
		{2D131D83-6C7F-93E0-8C55-DB983A64B1C6}.Release|Any CPU.ActiveCfg = Release|Any CPU
		{2D131D83-6C7F-93E0-8C55-DB983A64B1C6}.Release|Any CPU.Build.0 = Release|Any CPU
		{99EFA084-EB57-4CB6-8248-E111426C6B38}.Debug|Any CPU.ActiveCfg = Debug|Any CPU
		{99EFA084-EB57-4CB6-8248-E111426C6B38}.Debug|Any CPU.Build.0 = Debug|Any CPU
		{99EFA084-EB57-4CB6-8248-E111426C6B38}.Release|Any CPU.ActiveCfg = Release|Any CPU
		{99EFA084-EB57-4CB6-8248-E111426C6B38}.Release|Any CPU.Build.0 = Release|Any CPU
		{CC3F7F01-4FD4-44B3-BACA-41973F1554FA}.Debug|Any CPU.ActiveCfg = Debug|Any CPU
		{CC3F7F01-4FD4-44B3-BACA-41973F1554FA}.Debug|Any CPU.Build.0 = Debug|Any CPU
		{CC3F7F01-4FD4-44B3-BACA-41973F1554FA}.Release|Any CPU.ActiveCfg = Release|Any CPU
		{CC3F7F01-4FD4-44B3-BACA-41973F1554FA}.Release|Any CPU.Build.0 = Release|Any CPU
		{5E80212E-9AFB-47FE-99F4-91A6E07EE3DE}.Debug|Any CPU.ActiveCfg = Debug|Any CPU
		{5E80212E-9AFB-47FE-99F4-91A6E07EE3DE}.Debug|Any CPU.Build.0 = Debug|Any CPU
		{5E80212E-9AFB-47FE-99F4-91A6E07EE3DE}.Release|Any CPU.ActiveCfg = Release|Any CPU
		{5E80212E-9AFB-47FE-99F4-91A6E07EE3DE}.Release|Any CPU.Build.0 = Release|Any CPU
		{854F793C-ACD2-4103-A844-6BCFF57867FB}.Debug|Any CPU.ActiveCfg = Debug|Any CPU
		{854F793C-ACD2-4103-A844-6BCFF57867FB}.Debug|Any CPU.Build.0 = Debug|Any CPU
		{854F793C-ACD2-4103-A844-6BCFF57867FB}.Release|Any CPU.ActiveCfg = Release|Any CPU
		{854F793C-ACD2-4103-A844-6BCFF57867FB}.Release|Any CPU.Build.0 = Release|Any CPU
		{21C015D8-036F-49F7-86AB-D905DE0757A2}.Debug|Any CPU.ActiveCfg = Debug|Any CPU
		{21C015D8-036F-49F7-86AB-D905DE0757A2}.Debug|Any CPU.Build.0 = Debug|Any CPU
		{21C015D8-036F-49F7-86AB-D905DE0757A2}.Release|Any CPU.ActiveCfg = Release|Any CPU
		{21C015D8-036F-49F7-86AB-D905DE0757A2}.Release|Any CPU.Build.0 = Release|Any CPU
	EndGlobalSection
	GlobalSection(SolutionProperties) = preSolution
		HideSolutionNode = FALSE
	EndGlobalSection
	GlobalSection(ExtensibilityGlobals) = postSolution
		SolutionGuid = {BF929654-ED26-4657-AE3B-3DE2C95303E7}
	EndGlobalSection
EndGlobal
